
Microsoft Visual Studio Solution File, Format Version 12.00
# Visual Studio Version 16
VisualStudioVersion = 16.0.30204.135
MinimumVisualStudioVersion = 10.0.40219.1
Project("{FAE04EC0-301F-11D3-BF4B-00C04F79EFBC}") = "PING-STATZ", "PING-STATZ\PING-STATZ.csproj", "{73524192-9E77-401C-A72B-D8C68C7DEF12}"
EndProject
Global
	GlobalSection(SolutionConfigurationPlatforms) = preSolution
		Debug|Any CPU = Debug|Any CPU
		Release|Any CPU = Release|Any CPU
	EndGlobalSection
	GlobalSection(ProjectConfigurationPlatforms) = postSolution
		{73524192-9E77-401C-A72B-D8C68C7DEF12}.Debug|Any CPU.ActiveCfg = Debug|Any CPU
		{73524192-9E77-401C-A72B-D8C68C7DEF12}.Debug|Any CPU.Build.0 = Debug|Any CPU
		{73524192-9E77-401C-A72B-D8C68C7DEF12}.Release|Any CPU.ActiveCfg = Release|Any CPU
		{73524192-9E77-401C-A72B-D8C68C7DEF12}.Release|Any CPU.Build.0 = Release|Any CPU
	EndGlobalSection
	GlobalSection(SolutionProperties) = preSolution
		HideSolutionNode = FALSE
	EndGlobalSection
	GlobalSection(ExtensibilityGlobals) = postSolution
		SolutionGuid = {E4200089-B8B1-4ACB-81A6-09E34801541A}
	EndGlobalSection
EndGlobal
